<?xml version="1.0" encoding="utf-8"?>
<Project ToolsVersion="4.0" xmlns="http://schemas.microsoft.com/developer/msbuild/2003">
  <ItemGroup>
    <Filter Include="Source Files">
      <UniqueIdentifier>{4FC737F1-C7A5-4376-A066-2A32D752A2FF}</UniqueIdentifier>
      <Extensions>cpp;c;cc;cxx;c++;cppm;ixx;def;odl;idl;hpj;bat;asm;asmx</Extensions>
    </Filter>
    <Filter Include="Header Files">
      <UniqueIdentifier>{93995380-89BD-4b04-88EB-625FBE52EBFB}</UniqueIdentifier>
      <Extensions>h;hh;hpp;hxx;h++;hm;inl;inc;ipp;xsd</Extensions>
    </Filter>
    <Filter Include="Resource Files">
      <UniqueIdentifier>{67DA6AB6-F800-4c08-8B7A-83BB121AAD01}</UniqueIdentifier>
      <Extensions>rc;ico;cur;bmp;dlg;rc2;rct;bin;rgs;gif;jpg;jpeg;jpe;resx;tiff;tif;png;wav;mfcribbon-ms</Extensions>
    </Filter>
    <Filter Include="Game">
      <UniqueIdentifier>{6e1992d9-02a9-4484-8f12-13aa4f699d25}</UniqueIdentifier>
    </Filter>
    <Filter Include="Engine">
      <UniqueIdentifier>{39504686-8a5c-4884-b37b-97d4611661db}</UniqueIdentifier>
    </Filter>
    <Filter Include="Game\Header">
      <UniqueIdentifier>{7ffc1cad-70a8-4b11-b5b4-2c5fce9541fc}</UniqueIdentifier>
    </Filter>
    <Filter Include="Game\Source">
      <UniqueIdentifier>{2ae94406-24d0-4f40-bd59-95ab96f0587a}</UniqueIdentifier>
    </Filter>
    <Filter Include="Engine\Header">
      <UniqueIdentifier>{25ef0907-e5b0-4fc8-8334-d9bf2c77418d}</UniqueIdentifier>
    </Filter>
    <Filter Include="Engine\Source">
      <UniqueIdentifier>{6574504f-9b5b-4372-9a5f-f979e19c5850}</UniqueIdentifier>
    </Filter>
  </ItemGroup>
  <ItemGroup>
    <ClInclude Include="DX12Render.h">
      <Filter>Engine\Header</Filter>
    </ClInclude>
    <ClInclude Include="Camera.h">
      <Filter>Engine\Header</Filter>
    </ClInclude>
    <ClInclude Include="D3DApp.h">
      <Filter>Engine\Header</Filter>
    </ClInclude>
    <ClInclude Include="D3DUtil.h">
      <Filter>Engine\Header</Filter>
    </ClInclude>
    <ClInclude Include="d3dx12.h">
      <Filter>Engine\Header</Filter>
    </ClInclude>
    <ClInclude Include="DDSTextureLoader.h">
      <Filter>Engine\Header</Filter>
    </ClInclude>
    <ClInclude Include="GameTimer.h">
      <Filter>Engine\Header</Filter>
    </ClInclude>
    <ClInclude Include="MathHelper.h">
      <Filter>Engine\Header</Filter>
    </ClInclude>
    <ClInclude Include="stdafx.h">
      <Filter>Engine\Header</Filter>
    </ClInclude>
    <ClInclude Include="UploadBuffer.h">
      <Filter>Engine\Header</Filter>
    </ClInclude>
    <ClInclude Include="WindowBase.h">
      <Filter>Engine\Header</Filter>
    </ClInclude>
    <ClInclude Include="FirstPersonCamera.h">
      <Filter>Game\Header</Filter>
    </ClInclude>
    <ClInclude Include="AssetManager.h">
      <Filter>Game\Header</Filter>
    </ClInclude>
    <ClInclude Include="MeshProperty.h">
      <Filter>Engine\Header</Filter>
    </ClInclude>
    <ClInclude Include="LauncherPCWindow.h">
      <Filter>Engine\Header</Filter>
    </ClInclude>
    <ClInclude Include="WindowsFactory.h">
      <Filter>Engine\Header</Filter>
    </ClInclude>
    <ClInclude Include="WindowsInputBase.h">
      <Filter>Engine\Header</Filter>
    </ClInclude>
    <ClInclude Include="WindowsInput.h">
      <Filter>Game\Header</Filter>
    </ClInclude>
    <ClInclude Include="TaskManager.h">
      <Filter>Engine\Header</Filter>
    </ClInclude>
    <ClInclude Include="SceneManager.h">
      <Filter>Game\Header</Filter>
    </ClInclude>
    <ClInclude Include="GameLogic.h">
      <Filter>Game\Header</Filter>
    </ClInclude>
    <ClInclude Include="GameInstance.h">
      <Filter>Engine\Header</Filter>
    </ClInclude>
    <ClInclude Include="Engine.h">
      <Filter>Engine\Header</Filter>
    </ClInclude>
  </ItemGroup>
  <ItemGroup>
    <ClCompile Include="Engine.cpp">
      <Filter>Engine\Source</Filter>
    </ClCompile>
    <ClCompile Include="Camera.cpp">
      <Filter>Engine\Source</Filter>
    </ClCompile>
    <ClCompile Include="D3DApp.cpp">
      <Filter>Engine\Source</Filter>
    </ClCompile>
    <ClCompile Include="D3DUtil.cpp">
      <Filter>Engine\Source</Filter>
    </ClCompile>
    <ClCompile Include="DDSTextureLoader.cpp">
      <Filter>Engine\Source</Filter>
    </ClCompile>
    <ClCompile Include="GameTimer.cpp">
      <Filter>Engine\Source</Filter>
    </ClCompile>
    <ClCompile Include="Main.cpp">
      <Filter>Engine\Source</Filter>
    </ClCompile>
    <ClCompile Include="MathHelper.cpp">
      <Filter>Engine\Source</Filter>
    </ClCompile>
    <ClCompile Include="stdafx.cpp">
      <Filter>Engine\Source</Filter>
    </ClCompile>
    <ClCompile Include="WindowsFactory.cpp">
      <Filter>Engine\Source</Filter>
    </ClCompile>
    <ClCompile Include="LauncherPCWindow.cpp">
      <Filter>Engine\Source</Filter>
    </ClCompile>
    <ClCompile Include="FirstPersonCamera.cpp">
      <Filter>Game\Source</Filter>
    </ClCompile>
    <ClCompile Include="AssetManager.cpp">
      <Filter>Game\Source</Filter>
    </ClCompile>
    <ClCompile Include="WindowsInput.cpp">
      <Filter>Game\Source</Filter>
    </ClCompile>
    <ClCompile Include="WindowsInputBase.cpp">
      <Filter>Engine\Source</Filter>
    </ClCompile>
    <ClCompile Include="TaskManager.cpp">
      <Filter>Engine\Source</Filter>
    </ClCompile>
    <ClCompile Include="SceneManager.cpp">
      <Filter>Game\Source</Filter>
    </ClCompile>
    <ClCompile Include="GameLogic.cpp">
      <Filter>Game\Source</Filter>
    </ClCompile>
    <ClCompile Include="GameInstance.cpp">
      <Filter>Engine\Source</Filter>
    </ClCompile>
    <ClCompile Include="DX12Render.cpp">
      <Filter>Engine\Source</Filter>
    </ClCompile>
  </ItemGroup>
  <ItemGroup>
    <None Include="Shaders\color.hlsl">
      <Filter>Resource Files</Filter>
    </None>
  </ItemGroup>
</Project>